
Microsoft Visual Studio Solution File, Format Version 9.00
# Visual Studio 2005
Project("{FAE04EC0-301F-11D3-BF4B-00C04F79EFBC}") = "Beacognition", "Beacognition\Beacognition.csproj", "{92F626D4-8D9E-493E-AB73-7EFDDEF4B343}"
EndProject
Global
	GlobalSection(SolutionConfigurationPlatforms) = preSolution
		Debug|Any CPU = Debug|Any CPU
		Release|Any CPU = Release|Any CPU
	EndGlobalSection
	GlobalSection(ProjectConfigurationPlatforms) = postSolution
		{92F626D4-8D9E-493E-AB73-7EFDDEF4B343}.Debug|Any CPU.ActiveCfg = Debug|Any CPU
		{92F626D4-8D9E-493E-AB73-7EFDDEF4B343}.Debug|Any CPU.Build.0 = Debug|Any CPU
		{92F626D4-8D9E-493E-AB73-7EFDDEF4B343}.Debug|Any CPU.Deploy.0 = Debug|Any CPU
		{92F626D4-8D9E-493E-AB73-7EFDDEF4B343}.Release|Any CPU.ActiveCfg = Release|Any CPU
		{92F626D4-8D9E-493E-AB73-7EFDDEF4B343}.Release|Any CPU.Build.0 = Release|Any CPU
		{92F626D4-8D9E-493E-AB73-7EFDDEF4B343}.Release|Any CPU.Deploy.0 = Release|Any CPU
	EndGlobalSection
	GlobalSection(SolutionProperties) = preSolution
		HideSolutionNode = FALSE
	EndGlobalSection
EndGlobal
